
Microsoft Visual Studio Solution File, Format Version 12.00
# Visual Studio Version 17
VisualStudioVersion = 17.2.32616.157
MinimumVisualStudioVersion = 10.0.40219.1
Project("{FAE04EC0-301F-11D3-BF4B-00C04F79EFBC}") = "DONT DELITE!!!!!", "DONT DELITE!!!!!\DONT DELITE!!!!!.csproj", "{6E4192D5-D5FB-46D0-8428-34309DE39CEF}"
EndProject
Global
	GlobalSection(SolutionConfigurationPlatforms) = preSolution
		Debug|Any CPU = Debug|Any CPU
		Release|Any CPU = Release|Any CPU
	EndGlobalSection
	GlobalSection(ProjectConfigurationPlatforms) = postSolution
		{6E4192D5-D5FB-46D0-8428-34309DE39CEF}.Debug|Any CPU.ActiveCfg = Debug|Any CPU
		{6E4192D5-D5FB-46D0-8428-34309DE39CEF}.Debug|Any CPU.Build.0 = Debug|Any CPU
		{6E4192D5-D5FB-46D0-8428-34309DE39CEF}.Release|Any CPU.ActiveCfg = Release|Any CPU
		{6E4192D5-D5FB-46D0-8428-34309DE39CEF}.Release|Any CPU.Build.0 = Release|Any CPU
	EndGlobalSection
	GlobalSection(SolutionProperties) = preSolution
		HideSolutionNode = FALSE
	EndGlobalSection
	GlobalSection(ExtensibilityGlobals) = postSolution
		SolutionGuid = {D6239B4C-870D-4736-8943-B47943B4234E}
	EndGlobalSection
EndGlobal
